
Microsoft Visual Studio Solution File, Format Version 12.00
# Visual Studio Version 16
VisualStudioVersion = 16.0.28803.452
MinimumVisualStudioVersion = 10.0.40219.1
Project("{FAE04EC0-301F-11D3-BF4B-00C04F79EFBC}") = "Memory Management System", "Memory Management System\Memory Management System.csproj", "{93D100D4-B6EB-45D5-915F-140198FFB06E}"
EndProject
Global
	GlobalSection(SolutionConfigurationPlatforms) = preSolution
		Debug|Any CPU = Debug|Any CPU
		Release|Any CPU = Release|Any CPU
	EndGlobalSection
	GlobalSection(ProjectConfigurationPlatforms) = postSolution
		{93D100D4-B6EB-45D5-915F-140198FFB06E}.Debug|Any CPU.ActiveCfg = Debug|Any CPU
		{93D100D4-B6EB-45D5-915F-140198FFB06E}.Debug|Any CPU.Build.0 = Debug|Any CPU
		{93D100D4-B6EB-45D5-915F-140198FFB06E}.Release|Any CPU.ActiveCfg = Release|Any CPU
		{93D100D4-B6EB-45D5-915F-140198FFB06E}.Release|Any CPU.Build.0 = Release|Any CPU
	EndGlobalSection
	GlobalSection(SolutionProperties) = preSolution
		HideSolutionNode = FALSE
	EndGlobalSection
	GlobalSection(ExtensibilityGlobals) = postSolution
		SolutionGuid = {65C93417-9C32-4285-8787-0F6B99FA7BD9}
	EndGlobalSection
EndGlobal
